// !$*UTF8*$!
{
	archiveVersion = 1;
	classes = {
	};
	objectVersion = 50;
	objects = {

/* Begin PBXBuildFile section */
		4748DDB4239EC23C003EEDE1 /* AppDelegate.swift in Sources */ = {isa = PBXBuildFile; fileRef = 4748DDB3239EC23C003EEDE1 /* AppDelegate.swift */; };
		4748DDB6239EC23C003EEDE1 /* SceneDelegate.swift in Sources */ = {isa = PBXBuildFile; fileRef = 4748DDB5239EC23C003EEDE1 /* SceneDelegate.swift */; };
		4748DDB8239EC23C003EEDE1 /* ContentView.swift in Sources */ = {isa = PBXBuildFile; fileRef = 4748DDB7239EC23C003EEDE1 /* ContentView.swift */; };
		4748DDBA239EC243003EEDE1 /* Assets.xcassets in Resources */ = {isa = PBXBuildFile; fileRef = 4748DDB9239EC243003EEDE1 /* Assets.xcassets */; };
		4748DDBD239EC243003EEDE1 /* Preview Assets.xcassets in Resources */ = {isa = PBXBuildFile; fileRef = 4748DDBC239EC243003EEDE1 /* Preview Assets.xcassets */; };
		4748DDC0239EC243003EEDE1 /* LaunchScreen.storyboard in Resources */ = {isa = PBXBuildFile; fileRef = 4748DDBE239EC243003EEDE1 /* LaunchScreen.storyboard */; };
		4748DDC8239EC266003EEDE1 /* Publishers+Extensions.swift in Sources */ = {isa = PBXBuildFile; fileRef = 4748DDC7239EC266003EEDE1 /* Publishers+Extensions.swift */; };
		4748DDCA239EC2A5003EEDE1 /* URLSession+Extensions.swift in Sources */ = {isa = PBXBuildFile; fileRef = 4748DDC9239EC2A5003EEDE1 /* URLSession+Extensions.swift */; };
		4748DDCC239EC5F4003EEDE1 /* ViewModel.swift in Sources */ = {isa = PBXBuildFile; fileRef = 4748DDCB239EC5F4003EEDE1 /* ViewModel.swift */; };
		4748DDCE239EC70B003EEDE1 /* JobModel.swift in Sources */ = {isa = PBXBuildFile; fileRef = 4748DDCD239EC70B003EEDE1 /* JobModel.swift */; };
		4748DDD3239ED463003EEDE1 /* ListView.swift in Sources */ = {isa = PBXBuildFile; fileRef = 4748DDD2239ED463003EEDE1 /* ListView.swift */; };
/* End PBXBuildFile section */

/* Begin PBXFileReference section */
		4748DDB0239EC23C003EEDE1 /* Combine-URLSession-Publisher.app */ = {isa = PBXFileReference; explicitFileType = wrapper.application; includeInIndex = 0; path = "Combine-URLSession-Publisher.app"; sourceTree = BUILT_PRODUCTS_DIR; };
		4748DDB3239EC23C003EEDE1 /* AppDelegate.swift */ = {isa = PBXFileReference; lastKnownFileType = sourcecode.swift; path = AppDelegate.swift; sourceTree = "<group>"; };
		4748DDB5239EC23C003EEDE1 /* SceneDelegate.swift */ = {isa = PBXFileReference; lastKnownFileType = sourcecode.swift; path = SceneDelegate.swift; sourceTree = "<group>"; };
		4748DDB7239EC23C003EEDE1 /* ContentView.swift */ = {isa = PBXFileReference; lastKnownFileType = sourcecode.swift; path = ContentView.swift; sourceTree = "<group>"; };
		4748DDB9239EC243003EEDE1 /* Assets.xcassets */ = {isa = PBXFileReference; lastKnownFileType = folder.assetcatalog; path = Assets.xcassets; sourceTree = "<group>"; };
		4748DDBC239EC243003EEDE1 /* Preview Assets.xcassets */ = {isa = PBXFileReference; lastKnownFileType = folder.assetcatalog; path = "Preview Assets.xcassets"; sourceTree = "<group>"; };
		4748DDBF239EC243003EEDE1 /* Base */ = {isa = PBXFileReference; lastKnownFileType = file.storyboard; name = Base; path = Base.lproj/LaunchScreen.storyboard; sourceTree = "<group>"; };
		4748DDC1239EC243003EEDE1 /* Info.plist */ = {isa = PBXFileReference; lastKnownFileType = text.plist.xml; path = Info.plist; sourceTree = "<group>"; };
		4748DDC7239EC266003EEDE1 /* Publishers+Extensions.swift */ = {isa = PBXFileReference; lastKnownFileType = sourcecode.swift; path = "Publishers+Extensions.swift"; sourceTree = "<group>"; };
		4748DDC9239EC2A5003EEDE1 /* URLSession+Extensions.swift */ = {isa = PBXFileReference; lastKnownFileType = sourcecode.swift; path = "URLSession+Extensions.swift"; sourceTree = "<group>"; };
		4748DDCB239EC5F4003EEDE1 /* ViewModel.swift */ = {isa = PBXFileReference; lastKnownFileType = sourcecode.swift; path = ViewModel.swift; sourceTree = "<group>"; };
		4748DDCD239EC70B003EEDE1 /* JobModel.swift */ = {isa = PBXFileReference; lastKnownFileType = sourcecode.swift; path = JobModel.swift; sourceTree = "<group>"; };
		4748DDD2239ED463003EEDE1 /* ListView.swift */ = {isa = PBXFileReference; lastKnownFileType = sourcecode.swift; path = ListView.swift; sourceTree = "<group>"; };
/* End PBXFileReference section */

/* Begin PBXFrameworksBuildPhase section */
		4748DDAD239EC23C003EEDE1 /* Frameworks */ = {
			isa = PBXFrameworksBuildPhase;
			buildActionMask = 2147483647;
			files = (
			);
			runOnlyForDeploymentPostprocessing = 0;
		};
/* End PBXFrameworksBuildPhase section */

/* Begin PBXGroup section */
		4748DDA7239EC23C003EEDE1 = {
			isa = PBXGroup;
			children = (
				4748DDB2239EC23C003EEDE1 /* Combine-URLSession-Publisher */,
				4748DDB1239EC23C003EEDE1 /* Products */,
			);
			sourceTree = "<group>";
		};
		4748DDB1239EC23C003EEDE1 /* Products */ = {
			isa = PBXGroup;
			children = (
				4748DDB0239EC23C003EEDE1 /* Combine-URLSession-Publisher.app */,
			);
			name = Products;
			sourceTree = "<group>";
		};
		4748DDB2239EC23C003EEDE1 /* Combine-URLSession-Publisher */ = {
			isa = PBXGroup;
			children = (
				4748DDD1239ED44B003EEDE1 /* Models */,
				4748DDD0239ED446003EEDE1 /* ViewModel */,
				4748DDCF239ED441003EEDE1 /* View */,
				4748DDD4239ED603003EEDE1 /* Extensions */,
				4748DDB3239EC23C003EEDE1 /* AppDelegate.swift */,
				4748DDB5239EC23C003EEDE1 /* SceneDelegate.swift */,
				4748DDB7239EC23C003EEDE1 /* ContentView.swift */,
				4748DDB9239EC243003EEDE1 /* Assets.xcassets */,
				4748DDBE239EC243003EEDE1 /* LaunchScreen.storyboard */,
				4748DDC1239EC243003EEDE1 /* Info.plist */,
				4748DDBB239EC243003EEDE1 /* Preview Content */,
			);
			path = "Combine-URLSession-Publisher";
			sourceTree = "<group>";
		};
		4748DDBB239EC243003EEDE1 /* Preview Content */ = {
			isa = PBXGroup;
			children = (
				4748DDBC239EC243003EEDE1 /* Preview Assets.xcassets */,
			);
			path = "Preview Content";
			sourceTree = "<group>";
		};
		4748DDCF239ED441003EEDE1 /* View */ = {
			isa = PBXGroup;
			children = (
				4748DDD2239ED463003EEDE1 /* ListView.swift */,
			);
			path = View;
			sourceTree = "<group>";
		};
		4748DDD0239ED446003EEDE1 /* ViewModel */ = {
			isa = PBXGroup;
			children = (
				4748DDCB239EC5F4003EEDE1 /* ViewModel.swift */,
			);
			path = ViewModel;
			sourceTree = "<group>";
		};
		4748DDD1239ED44B003EEDE1 /* Models */ = {
			isa = PBXGroup;
			children = (
				4748DDCD239EC70B003EEDE1 /* JobModel.swift */,
			);
			path = Models;
			sourceTree = "<group>";
		};
		4748DDD4239ED603003EEDE1 /* Extensions */ = {
			isa = PBXGroup;
			children = (
				4748DDC7239EC266003EEDE1 /* Publishers+Extensions.swift */,
				4748DDC9239EC2A5003EEDE1 /* URLSession+Extensions.swift */,
			);
			path = Extensions;
			sourceTree = "<group>";
		};
/* End PBXGroup section */

/* Begin PBXNativeTarget section */
		4748DDAF239EC23C003EEDE1 /* Combine-URLSession-Publisher */ = {
			isa = PBXNativeTarget;
			buildConfigurationList = 4748DDC4239EC243003EEDE1 /* Build configuration list for PBXNativeTarget "Combine-URLSession-Publisher" */;
			buildPhases = (
				4748DDAC239EC23C003EEDE1 /* Sources */,
				4748DDAD239EC23C003EEDE1 /* Frameworks */,
				4748DDAE239EC23C003EEDE1 /* Resources */,
			);
			buildRules = (
			);
			dependencies = (
			);
			name = "Combine-URLSession-Publisher";
			productName = "Combine-URLSession-Publisher";
			productReference = 4748DDB0239EC23C003EEDE1 /* Combine-URLSession-Publisher.app */;
			productType = "com.apple.product-type.application";
		};
/* End PBXNativeTarget section */

/* Begin PBXProject section */
		4748DDA8239EC23C003EEDE1 /* Project object */ = {
			isa = PBXProject;
			attributes = {
				LastSwiftUpdateCheck = 1110;
				LastUpgradeCheck = 1110;
				ORGANIZATIONNAME = "Dmitry Lupich";
				TargetAttributes = {
					4748DDAF239EC23C003EEDE1 = {
						CreatedOnToolsVersion = 11.1;
					};
				};
			};
			buildConfigurationList = 4748DDAB239EC23C003EEDE1 /* Build configuration list for PBXProject "Combine-URLSession-Publisher" */;
			compatibilityVersion = "Xcode 9.3";
			developmentRegion = en;
			hasScannedForEncodings = 0;
			knownRegions = (
				en,
				Base,
			);
			mainGroup = 4748DDA7239EC23C003EEDE1;
			productRefGroup = 4748DDB1239EC23C003EEDE1 /* Products */;
			projectDirPath = "";
			projectRoot = "";
			targets = (
				4748DDAF239EC23C003EEDE1 /* Combine-URLSession-Publisher */,
			);
		};
/* End PBXProject section */

/* Begin PBXResourcesBuildPhase section */
		4748DDAE239EC23C003EEDE1 /* Resources */ = {
			isa = PBXResourcesBuildPhase;
			buildActionMask = 2147483647;
			files = (
				4748DDC0239EC243003EEDE1 /* LaunchScreen.storyboard in Resources */,
				4748DDBD239EC243003EEDE1 /* Preview Assets.xcassets in Resources */,
				4748DDBA239EC243003EEDE1 /* Assets.xcassets in Resources */,
			);
			runOnlyForDeploymentPostprocessing = 0;
		};
/* End PBXResourcesBuildPhase section */

/* Begin PBXSourcesBuildPhase section */
		4748DDAC239EC23C003EEDE1 /* Sources */ = {
			isa = PBXSourcesBuildPhase;
			buildActionMask = 2147483647;
			files = (
				4748DDD3239ED463003EEDE1 /* ListView.swift in Sources */,
				4748DDCA239EC2A5003EEDE1 /* URLSession+Extensions.swift in Sources */,
				4748DDB4239EC23C003EEDE1 /* AppDelegate.swift in Sources */,
				4748DDB6239EC23C003EEDE1 /* SceneDelegate.swift in Sources */,
				4748DDC8239EC266003EEDE1 /* Publishers+Extensions.swift in Sources */,
				4748DDCC239EC5F4003EEDE1 /* ViewModel.swift in Sources */,
				4748DDB8239EC23C003EEDE1 /* ContentView.swift in Sources */,
				4748DDCE239EC70B003EEDE1 /* JobModel.swift in Sources */,
			);
			runOnlyForDeploymentPostprocessing = 0;
		};
/* End PBXSourcesBuildPhase section */

/* Begin PBXVariantGroup section */
		4748DDBE239EC243003EEDE1 /* LaunchScreen.storyboard */ = {
			isa = PBXVariantGroup;
			children = (
				4748DDBF239EC243003EEDE1 /* Base */,
			);
			name = LaunchScreen.storyboard;
			sourceTree = "<group>";
		};
/* End PBXVariantGroup section */

/* Begin XCBuildConfiguration section */
		4748DDC2239EC243003EEDE1 /* Debug */ = {
			isa = XCBuildConfiguration;
			buildSettings = {
				ALWAYS_SEARCH_USER_PATHS = NO;
				CLANG_ANALYZER_NONNULL = YES;
				CLANG_ANALYZER_NUMBER_OBJECT_CONVERSION = YES_AGGRESSIVE;
				CLANG_CXX_LANGUAGE_STANDARD = "gnu++14";
				CLANG_CXX_LIBRARY = "libc++";
				CLANG_ENABLE_MODULES = YES;
				CLANG_ENABLE_OBJC_ARC = YES;
				CLANG_ENABLE_OBJC_WEAK = YES;
				CLANG_WARN_BLOCK_CAPTURE_AUTORELEASING = YES;
				CLANG_WARN_BOOL_CONVERSION = YES;
				CLANG_WARN_COMMA = YES;
				CLANG_WARN_CONSTANT_CONVERSION = YES;
				CLANG_WARN_DEPRECATED_OBJC_IMPLEMENTATIONS = YES;
				CLANG_WARN_DIRECT_OBJC_ISA_USAGE = YES_ERROR;
				CLANG_WARN_DOCUMENTATION_COMMENTS = YES;
				CLANG_WARN_EMPTY_BODY = YES;
				CLANG_WARN_ENUM_CONVERSION = YES;
				CLANG_WARN_INFINITE_RECURSION = YES;
				CLANG_WARN_INT_CONVERSION = YES;
				CLANG_WARN_NON_LITERAL_NULL_CONVERSION = YES;
				CLANG_WARN_OBJC_IMPLICIT_RETAIN_SELF = YES;
				CLANG_WARN_OBJC_LITERAL_CONVERSION = YES;
				CLANG_WARN_OBJC_ROOT_CLASS = YES_ERROR;
				CLANG_WARN_RANGE_LOOP_ANALYSIS = YES;
				CLANG_WARN_STRICT_PROTOTYPES = YES;
				CLANG_WARN_SUSPICIOUS_MOVE = YES;
				CLANG_WARN_UNGUARDED_AVAILABILITY = YES_AGGRESSIVE;
				CLANG_WARN_UNREACHABLE_CODE = YES;
				CLANG_WARN__DUPLICATE_METHOD_MATCH = YES;
				COPY_PHASE_STRIP = NO;
				DEBUG_INFORMATION_FORMAT = dwarf;
				ENABLE_STRICT_OBJC_MSGSEND = YES;
				ENABLE_TESTABILITY = YES;
				GCC_C_LANGUAGE_STANDARD = gnu11;
				GCC_DYNAMIC_NO_PIC = NO;
				GCC_NO_COMMON_BLOCKS = YES;
				GCC_OPTIMIZATION_LEVEL = 0;
				GCC_PREPROCESSOR_DEFINITIONS = (
					"DEBUG=1",
					"$(inherited)",
				);
				GCC_WARN_64_TO_32_BIT_CONVERSION = YES;
				GCC_WARN_ABOUT_RETURN_TYPE = YES_ERROR;
				GCC_WARN_UNDECLARED_SELECTOR = YES;
				GCC_WARN_UNINITIALIZED_AUTOS = YES_AGGRESSIVE;
				GCC_WARN_UNUSED_FUNCTION = YES;
				GCC_WARN_UNUSED_VARIABLE = YES;
				IPHONEOS_DEPLOYMENT_TARGET = 13.1;
				MTL_ENABLE_DEBUG_INFO = INCLUDE_SOURCE;
				MTL_FAST_MATH = YES;
				ONLY_ACTIVE_ARCH = YES;
				SDKROOT = iphoneos;
				SWIFT_ACTIVE_COMPILATION_CONDITIONS = DEBUG;
				SWIFT_OPTIMIZATION_LEVEL = "-Onone";
			};
			name = Debug;
		};
		4748DDC3239EC243003EEDE1 /* Release */ = {
			isa = XCBuildConfiguration;
			buildSettings = {
				ALWAYS_SEARCH_USER_PATHS = NO;
				CLANG_ANALYZER_NONNULL = YES;
				CLANG_ANALYZER_NUMBER_OBJECT_CONVERSION = YES_AGGRESSIVE;
				CLANG_CXX_LANGUAGE_STANDARD = "gnu++14";
				CLANG_CXX_LIBRARY = "libc++";
				CLANG_ENABLE_MODULES = YES;
				CLANG_ENABLE_OBJC_ARC = YES;
				CLANG_ENABLE_OBJC_WEAK = YES;
				CLANG_WARN_BLOCK_CAPTURE_AUTORELEASING = YES;
				CLANG_WARN_BOOL_CONVERSION = YES;
				CLANG_WARN_COMMA = YES;
				CLANG_WARN_CONSTANT_CONVERSION = YES;
				CLANG_WARN_DEPRECATED_OBJC_IMPLEMENTATIONS = YES;
				CLANG_WARN_DIRECT_OBJC_ISA_USAGE = YES_ERROR;
				CLANG_WARN_DOCUMENTATION_COMMENTS = YES;
				CLANG_WARN_EMPTY_BODY = YES;
				CLANG_WARN_ENUM_CONVERSION = YES;
				CLANG_WARN_INFINITE_RECURSION = YES;
				CLANG_WARN_INT_CONVERSION = YES;
				CLANG_WARN_NON_LITERAL_NULL_CONVERSION = YES;
				CLANG_WARN_OBJC_IMPLICIT_RETAIN_SELF = YES;
				CLANG_WARN_OBJC_LITERAL_CONVERSION = YES;
				CLANG_WARN_OBJC_ROOT_CLASS = YES_ERROR;
				CLANG_WARN_RANGE_LOOP_ANALYSIS = YES;
				CLANG_WARN_STRICT_PROTOTYPES = YES;
				CLANG_WARN_SUSPICIOUS_MOVE = YES;
				CLANG_WARN_UNGUARDED_AVAILABILITY = YES_AGGRESSIVE;
				CLANG_WARN_UNREACHABLE_CODE = YES;
				CLANG_WARN__DUPLICATE_METHOD_MATCH = YES;
				COPY_PHASE_STRIP = NO;
				DEBUG_INFORMATION_FORMAT = "dwarf-with-dsym";
				ENABLE_NS_ASSERTIONS = NO;
				ENABLE_STRICT_OBJC_MSGSEND = YES;
				GCC_C_LANGUAGE_STANDARD = gnu11;
				GCC_NO_COMMON_BLOCKS = YES;
				GCC_WARN_64_TO_32_BIT_CONVERSION = YES;
				GCC_WARN_ABOUT_RETURN_TYPE = YES_ERROR;
				GCC_WARN_UNDECLARED_SELECTOR = YES;
				GCC_WARN_UNINITIALIZED_AUTOS = YES_AGGRESSIVE;
				GCC_WARN_UNUSED_FUNCTION = YES;
				GCC_WARN_UNUSED_VARIABLE = YES;
				IPHONEOS_DEPLOYMENT_TARGET = 13.1;
				MTL_ENABLE_DEBUG_INFO = NO;
				MTL_FAST_MATH = YES;
				SDKROOT = iphoneos;
				SWIFT_COMPILATION_MODE = wholemodule;
				SWIFT_OPTIMIZATION_LEVEL = "-O";
				VALIDATE_PRODUCT = YES;
			};
			name = Release;
		};
		4748DDC5239EC243003EEDE1 /* Debug */ = {
			isa = XCBuildConfiguration;
			buildSettings = {
				ASSETCATALOG_COMPILER_APPICON_NAME = AppIcon;
				CODE_SIGN_STYLE = Automatic;
				DEVELOPMENT_ASSET_PATHS = "\"Combine-URLSession-Publisher/Preview Content\"";
				DEVELOPMENT_TEAM = R2AYB7993E;
				ENABLE_PREVIEWS = YES;
				INFOPLIST_FILE = "Combine-URLSession-Publisher/Info.plist";
				LD_RUNPATH_SEARCH_PATHS = (
					"$(inherited)",
					"@executable_path/Frameworks",
				);
				PRODUCT_BUNDLE_IDENTIFIER = "DmitryLupich.Combine-URLSession-Publisher";
				PRODUCT_NAME = "$(TARGET_NAME)";
				SWIFT_VERSION = 5.0;
				TARGETED_DEVICE_FAMILY = "1,2";
			};
			name = Debug;
		};
		4748DDC6239EC243003EEDE1 /* Release */ = {
			isa = XCBuildConfiguration;
			buildSettings = {
				ASSETCATALOG_COMPILER_APPICON_NAME = AppIcon;
				CODE_SIGN_STYLE = Automatic;
				DEVELOPMENT_ASSET_PATHS = "\"Combine-URLSession-Publisher/Preview Content\"";
				DEVELOPMENT_TEAM = R2AYB7993E;
				ENABLE_PREVIEWS = YES;
				INFOPLIST_FILE = "Combine-URLSession-Publisher/Info.plist";
				LD_RUNPATH_SEARCH_PATHS = (
					"$(inherited)",
					"@executable_path/Frameworks",
				);
				PRODUCT_BUNDLE_IDENTIFIER = "DmitryLupich.Combine-URLSession-Publisher";
				PRODUCT_NAME = "$(TARGET_NAME)";
				SWIFT_VERSION = 5.0;
				TARGETED_DEVICE_FAMILY = "1,2";
			};
			name = Release;
		};
/* End XCBuildConfiguration section */

/* Begin XCConfigurationList section */
		4748DDAB239EC23C003EEDE1 /* Build configuration list for PBXProject "Combine-URLSession-Publisher" */ = {
			isa = XCConfigurationList;
			buildConfigurations = (
				4748DDC2239EC243003EEDE1 /* Debug */,
				4748DDC3239EC243003EEDE1 /* Release */,
			);
			defaultConfigurationIsVisible = 0;
			defaultConfigurationName = Release;
		};
		4748DDC4239EC243003EEDE1 /* Build configuration list for PBXNativeTarget "Combine-URLSession-Publisher" */ = {
			isa = XCConfigurationList;
			buildConfigurations = (
				4748DDC5239EC243003EEDE1 /* Debug */,
				4748DDC6239EC243003EEDE1 /* Release */,
			);
			defaultConfigurationIsVisible = 0;
			defaultConfigurationName = Release;
		};
/* End XCConfigurationList section */
	};
	rootObject = 4748DDA8239EC23C003EEDE1 /* Project object */;
}
